
Microsoft Visual Studio Solution File, Format Version 12.00
# Visual Studio Version 17
VisualStudioVersion = 17.0.31912.275
MinimumVisualStudioVersion = 10.0.40219.1
Project("{9A19103F-16F7-4668-BE54-9A1E7A4F7556}") = "Kaenx.Creator", "Kaenx.Creator\Kaenx.Creator.csproj", "{F3CF9B7D-58B1-40FF-B5A4-E4B70F82675D}"
EndProject
Project("{9A19103F-16F7-4668-BE54-9A1E7A4F7556}") = "Kaenx.DataContext", "..\Kaenx.DataContext\Kaenx.DataContext.csproj", "{40E7F3E8-F036-4334-9219-DE3808808553}"
EndProject
Project("{FAE04EC0-301F-11D3-BF4B-00C04F79EFBC}") = "OpenKNX.Toolbox.Sign", "..\OpenKNX.Toolbox.Sign\OpenKNX.Toolbox.Sign.csproj", "{3C75E2B3-1269-4EB3-BCB1-2372750CC068}"
EndProject
Project("{FAE04EC0-301F-11D3-BF4B-00C04F79EFBC}") = "Kaenx.Creator.Share", "..\Kaenx-Creator-Share\Kaenx.Creator.Share.csproj", "{664E6CC2-71A4-48B0-BB4E-566A5896DD4E}"
EndProject
Global
	GlobalSection(SolutionConfigurationPlatforms) = preSolution
		Debug|Any CPU = Debug|Any CPU
		Debug|ARM = Debug|ARM
		Debug|ARM64 = Debug|ARM64
		Debug|x64 = Debug|x64
		Debug|x86 = Debug|x86
		Release|Any CPU = Release|Any CPU
		Release|ARM = Release|ARM
		Release|ARM64 = Release|ARM64
		Release|x64 = Release|x64
		Release|x86 = Release|x86
	EndGlobalSection
	GlobalSection(ProjectConfigurationPlatforms) = postSolution
		{F3CF9B7D-58B1-40FF-B5A4-E4B70F82675D}.Debug|Any CPU.ActiveCfg = Debug|Any CPU
		{F3CF9B7D-58B1-40FF-B5A4-E4B70F82675D}.Debug|Any CPU.Build.0 = Debug|Any CPU
		{F3CF9B7D-58B1-40FF-B5A4-E4B70F82675D}.Debug|ARM.ActiveCfg = Debug|Any CPU
		{F3CF9B7D-58B1-40FF-B5A4-E4B70F82675D}.Debug|ARM.Build.0 = Debug|Any CPU
		{F3CF9B7D-58B1-40FF-B5A4-E4B70F82675D}.Debug|ARM64.ActiveCfg = Debug|Any CPU
		{F3CF9B7D-58B1-40FF-B5A4-E4B70F82675D}.Debug|ARM64.Build.0 = Debug|Any CPU
		{F3CF9B7D-58B1-40FF-B5A4-E4B70F82675D}.Debug|x64.ActiveCfg = Debug|Any CPU
		{F3CF9B7D-58B1-40FF-B5A4-E4B70F82675D}.Debug|x64.Build.0 = Debug|Any CPU
		{F3CF9B7D-58B1-40FF-B5A4-E4B70F82675D}.Debug|x86.ActiveCfg = Debug|Any CPU
		{F3CF9B7D-58B1-40FF-B5A4-E4B70F82675D}.Debug|x86.Build.0 = Debug|Any CPU
		{F3CF9B7D-58B1-40FF-B5A4-E4B70F82675D}.Release|Any CPU.ActiveCfg = Release|Any CPU
		{F3CF9B7D-58B1-40FF-B5A4-E4B70F82675D}.Release|Any CPU.Build.0 = Release|Any CPU
		{F3CF9B7D-58B1-40FF-B5A4-E4B70F82675D}.Release|ARM.ActiveCfg = Release|Any CPU
		{F3CF9B7D-58B1-40FF-B5A4-E4B70F82675D}.Release|ARM.Build.0 = Release|Any CPU
		{F3CF9B7D-58B1-40FF-B5A4-E4B70F82675D}.Release|ARM64.ActiveCfg = Release|Any CPU
		{F3CF9B7D-58B1-40FF-B5A4-E4B70F82675D}.Release|ARM64.Build.0 = Release|Any CPU
		{F3CF9B7D-58B1-40FF-B5A4-E4B70F82675D}.Release|x64.ActiveCfg = Release|Any CPU
		{F3CF9B7D-58B1-40FF-B5A4-E4B70F82675D}.Release|x64.Build.0 = Release|Any CPU
		{F3CF9B7D-58B1-40FF-B5A4-E4B70F82675D}.Release|x86.ActiveCfg = Release|Any CPU
		{F3CF9B7D-58B1-40FF-B5A4-E4B70F82675D}.Release|x86.Build.0 = Release|Any CPU
		{40E7F3E8-F036-4334-9219-DE3808808553}.Debug|Any CPU.ActiveCfg = Debug|Any CPU
		{40E7F3E8-F036-4334-9219-DE3808808553}.Debug|Any CPU.Build.0 = Debug|Any CPU
		{40E7F3E8-F036-4334-9219-DE3808808553}.Debug|ARM.ActiveCfg = Debug|Any CPU
		{40E7F3E8-F036-4334-9219-DE3808808553}.Debug|ARM.Build.0 = Debug|Any CPU
		{40E7F3E8-F036-4334-9219-DE3808808553}.Debug|ARM64.ActiveCfg = Debug|Any CPU
		{40E7F3E8-F036-4334-9219-DE3808808553}.Debug|ARM64.Build.0 = Debug|Any CPU
		{40E7F3E8-F036-4334-9219-DE3808808553}.Debug|x64.ActiveCfg = Debug|Any CPU
		{40E7F3E8-F036-4334-9219-DE3808808553}.Debug|x64.Build.0 = Debug|Any CPU
		{40E7F3E8-F036-4334-9219-DE3808808553}.Debug|x86.ActiveCfg = Debug|Any CPU
		{40E7F3E8-F036-4334-9219-DE3808808553}.Debug|x86.Build.0 = Debug|Any CPU
		{40E7F3E8-F036-4334-9219-DE3808808553}.Release|Any CPU.ActiveCfg = Release|Any CPU
		{40E7F3E8-F036-4334-9219-DE3808808553}.Release|Any CPU.Build.0 = Release|Any CPU
		{40E7F3E8-F036-4334-9219-DE3808808553}.Release|ARM.ActiveCfg = Release|Any CPU
		{40E7F3E8-F036-4334-9219-DE3808808553}.Release|ARM.Build.0 = Release|Any CPU
		{40E7F3E8-F036-4334-9219-DE3808808553}.Release|ARM64.ActiveCfg = Release|Any CPU
		{40E7F3E8-F036-4334-9219-DE3808808553}.Release|ARM64.Build.0 = Release|Any CPU
		{40E7F3E8-F036-4334-9219-DE3808808553}.Release|x64.ActiveCfg = Release|Any CPU
		{40E7F3E8-F036-4334-9219-DE3808808553}.Release|x64.Build.0 = Release|Any CPU
		{40E7F3E8-F036-4334-9219-DE3808808553}.Release|x86.ActiveCfg = Release|Any CPU
		{40E7F3E8-F036-4334-9219-DE3808808553}.Release|x86.Build.0 = Release|Any CPU
		{5B7E177E-0C9A-4F05-988D-EEC75C1BA408}.Debug|Any CPU.ActiveCfg = Debug|Any CPU
		{5B7E177E-0C9A-4F05-988D-EEC75C1BA408}.Debug|Any CPU.Build.0 = Debug|Any CPU
		{5B7E177E-0C9A-4F05-988D-EEC75C1BA408}.Debug|Any CPU.Deploy.0 = Debug|Any CPU
		{5B7E177E-0C9A-4F05-988D-EEC75C1BA408}.Debug|ARM.ActiveCfg = Debug|ARM
		{5B7E177E-0C9A-4F05-988D-EEC75C1BA408}.Debug|ARM.Build.0 = Debug|ARM
		{5B7E177E-0C9A-4F05-988D-EEC75C1BA408}.Debug|ARM.Deploy.0 = Debug|ARM
		{5B7E177E-0C9A-4F05-988D-EEC75C1BA408}.Debug|ARM64.ActiveCfg = Debug|ARM64
		{5B7E177E-0C9A-4F05-988D-EEC75C1BA408}.Debug|ARM64.Build.0 = Debug|ARM64
		{5B7E177E-0C9A-4F05-988D-EEC75C1BA408}.Debug|ARM64.Deploy.0 = Debug|ARM64
		{5B7E177E-0C9A-4F05-988D-EEC75C1BA408}.Debug|x64.ActiveCfg = Debug|x64
		{5B7E177E-0C9A-4F05-988D-EEC75C1BA408}.Debug|x64.Build.0 = Debug|x64
		{5B7E177E-0C9A-4F05-988D-EEC75C1BA408}.Debug|x64.Deploy.0 = Debug|x64
		{5B7E177E-0C9A-4F05-988D-EEC75C1BA408}.Debug|x86.ActiveCfg = Debug|x86
		{5B7E177E-0C9A-4F05-988D-EEC75C1BA408}.Debug|x86.Build.0 = Debug|x86
		{5B7E177E-0C9A-4F05-988D-EEC75C1BA408}.Debug|x86.Deploy.0 = Debug|x86
		{5B7E177E-0C9A-4F05-988D-EEC75C1BA408}.Release|Any CPU.ActiveCfg = Release|Any CPU
		{5B7E177E-0C9A-4F05-988D-EEC75C1BA408}.Release|Any CPU.Build.0 = Release|Any CPU
		{5B7E177E-0C9A-4F05-988D-EEC75C1BA408}.Release|Any CPU.Deploy.0 = Release|Any CPU
		{5B7E177E-0C9A-4F05-988D-EEC75C1BA408}.Release|ARM.ActiveCfg = Release|ARM
		{5B7E177E-0C9A-4F05-988D-EEC75C1BA408}.Release|ARM.Build.0 = Release|ARM
		{5B7E177E-0C9A-4F05-988D-EEC75C1BA408}.Release|ARM.Deploy.0 = Release|ARM
		{5B7E177E-0C9A-4F05-988D-EEC75C1BA408}.Release|ARM64.ActiveCfg = Release|ARM64
		{5B7E177E-0C9A-4F05-988D-EEC75C1BA408}.Release|ARM64.Build.0 = Release|ARM64
		{5B7E177E-0C9A-4F05-988D-EEC75C1BA408}.Release|ARM64.Deploy.0 = Release|ARM64
		{5B7E177E-0C9A-4F05-988D-EEC75C1BA408}.Release|x64.ActiveCfg = Release|x64
		{5B7E177E-0C9A-4F05-988D-EEC75C1BA408}.Release|x64.Build.0 = Release|x64
		{5B7E177E-0C9A-4F05-988D-EEC75C1BA408}.Release|x64.Deploy.0 = Release|x64
		{5B7E177E-0C9A-4F05-988D-EEC75C1BA408}.Release|x86.ActiveCfg = Release|x86
		{5B7E177E-0C9A-4F05-988D-EEC75C1BA408}.Release|x86.Build.0 = Release|x86
		{5B7E177E-0C9A-4F05-988D-EEC75C1BA408}.Release|x86.Deploy.0 = Release|x86
		{3C75E2B3-1269-4EB3-BCB1-2372750CC068}.Debug|Any CPU.ActiveCfg = Debug|Any CPU
		{3C75E2B3-1269-4EB3-BCB1-2372750CC068}.Debug|Any CPU.Build.0 = Debug|Any CPU
		{3C75E2B3-1269-4EB3-BCB1-2372750CC068}.Debug|ARM.ActiveCfg = Debug|Any CPU
		{3C75E2B3-1269-4EB3-BCB1-2372750CC068}.Debug|ARM.Build.0 = Debug|Any CPU
		{3C75E2B3-1269-4EB3-BCB1-2372750CC068}.Debug|ARM64.ActiveCfg = Debug|Any CPU
		{3C75E2B3-1269-4EB3-BCB1-2372750CC068}.Debug|ARM64.Build.0 = Debug|Any CPU
		{3C75E2B3-1269-4EB3-BCB1-2372750CC068}.Debug|x64.ActiveCfg = Debug|Any CPU
		{3C75E2B3-1269-4EB3-BCB1-2372750CC068}.Debug|x64.Build.0 = Debug|Any CPU
		{3C75E2B3-1269-4EB3-BCB1-2372750CC068}.Debug|x86.ActiveCfg = Debug|Any CPU
		{3C75E2B3-1269-4EB3-BCB1-2372750CC068}.Debug|x86.Build.0 = Debug|Any CPU
		{3C75E2B3-1269-4EB3-BCB1-2372750CC068}.Release|Any CPU.ActiveCfg = Release|Any CPU
		{3C75E2B3-1269-4EB3-BCB1-2372750CC068}.Release|Any CPU.Build.0 = Release|Any CPU
		{3C75E2B3-1269-4EB3-BCB1-2372750CC068}.Release|ARM.ActiveCfg = Release|Any CPU
		{3C75E2B3-1269-4EB3-BCB1-2372750CC068}.Release|ARM.Build.0 = Release|Any CPU
		{3C75E2B3-1269-4EB3-BCB1-2372750CC068}.Release|ARM64.ActiveCfg = Release|Any CPU
		{3C75E2B3-1269-4EB3-BCB1-2372750CC068}.Release|ARM64.Build.0 = Release|Any CPU
		{3C75E2B3-1269-4EB3-BCB1-2372750CC068}.Release|x64.ActiveCfg = Release|Any CPU
		{3C75E2B3-1269-4EB3-BCB1-2372750CC068}.Release|x64.Build.0 = Release|Any CPU
		{3C75E2B3-1269-4EB3-BCB1-2372750CC068}.Release|x86.ActiveCfg = Release|Any CPU
		{3C75E2B3-1269-4EB3-BCB1-2372750CC068}.Release|x86.Build.0 = Release|Any CPU
		{664E6CC2-71A4-48B0-BB4E-566A5896DD4E}.Debug|Any CPU.ActiveCfg = Debug|Any CPU
		{664E6CC2-71A4-48B0-BB4E-566A5896DD4E}.Debug|Any CPU.Build.0 = Debug|Any CPU
		{664E6CC2-71A4-48B0-BB4E-566A5896DD4E}.Debug|ARM.ActiveCfg = Debug|Any CPU
		{664E6CC2-71A4-48B0-BB4E-566A5896DD4E}.Debug|ARM.Build.0 = Debug|Any CPU
		{664E6CC2-71A4-48B0-BB4E-566A5896DD4E}.Debug|ARM64.ActiveCfg = Debug|Any CPU
		{664E6CC2-71A4-48B0-BB4E-566A5896DD4E}.Debug|ARM64.Build.0 = Debug|Any CPU
		{664E6CC2-71A4-48B0-BB4E-566A5896DD4E}.Debug|x64.ActiveCfg = Debug|Any CPU
		{664E6CC2-71A4-48B0-BB4E-566A5896DD4E}.Debug|x64.Build.0 = Debug|Any CPU
		{664E6CC2-71A4-48B0-BB4E-566A5896DD4E}.Debug|x86.ActiveCfg = Debug|Any CPU
		{664E6CC2-71A4-48B0-BB4E-566A5896DD4E}.Debug|x86.Build.0 = Debug|Any CPU
		{664E6CC2-71A4-48B0-BB4E-566A5896DD4E}.Release|Any CPU.ActiveCfg = Release|Any CPU
		{664E6CC2-71A4-48B0-BB4E-566A5896DD4E}.Release|Any CPU.Build.0 = Release|Any CPU
		{664E6CC2-71A4-48B0-BB4E-566A5896DD4E}.Release|ARM.ActiveCfg = Release|Any CPU
		{664E6CC2-71A4-48B0-BB4E-566A5896DD4E}.Release|ARM.Build.0 = Release|Any CPU
		{664E6CC2-71A4-48B0-BB4E-566A5896DD4E}.Release|ARM64.ActiveCfg = Release|Any CPU
		{664E6CC2-71A4-48B0-BB4E-566A5896DD4E}.Release|ARM64.Build.0 = Release|Any CPU
		{664E6CC2-71A4-48B0-BB4E-566A5896DD4E}.Release|x64.ActiveCfg = Release|Any CPU
		{664E6CC2-71A4-48B0-BB4E-566A5896DD4E}.Release|x64.Build.0 = Release|Any CPU
		{664E6CC2-71A4-48B0-BB4E-566A5896DD4E}.Release|x86.ActiveCfg = Release|Any CPU
		{664E6CC2-71A4-48B0-BB4E-566A5896DD4E}.Release|x86.Build.0 = Release|Any CPU
	EndGlobalSection
	GlobalSection(SolutionProperties) = preSolution
		HideSolutionNode = FALSE
	EndGlobalSection
	GlobalSection(ExtensibilityGlobals) = postSolution
		SolutionGuid = {04822F94-E58B-436F-999D-58F6161858C4}
	EndGlobalSection
EndGlobal
